// !$*UTF8*$!
{
	archiveVersion = 1;
	classes = {
	};
	objectVersion = 55;
	objects = {

/* Begin PBXBuildFile section */
		426367C587832DD93E82912C /* Pods_YZRTLAppDemo.framework in Frameworks */ = {isa = PBXBuildFile; fileRef = A91E113EFE9218E7A5EF65EB /* Pods_YZRTLAppDemo.framework */; };
		A2CC612A27210716001A4ECC /* AppDelegate.swift in Sources */ = {isa = PBXBuildFile; fileRef = A2CC612927210716001A4ECC /* AppDelegate.swift */; };
		A2CC612E27210716001A4ECC /* ViewController.swift in Sources */ = {isa = PBXBuildFile; fileRef = A2CC612D27210716001A4ECC /* ViewController.swift */; };
		A2CC613127210716001A4ECC /* Main.storyboard in Resources */ = {isa = PBXBuildFile; fileRef = A2CC612F27210716001A4ECC /* Main.storyboard */; };
		A2CC61332721071C001A4ECC /* Assets.xcassets in Resources */ = {isa = PBXBuildFile; fileRef = A2CC61322721071C001A4ECC /* Assets.xcassets */; };
		A2CC61362721071C001A4ECC /* LaunchScreen.storyboard in Resources */ = {isa = PBXBuildFile; fileRef = A2CC61342721071C001A4ECC /* LaunchScreen.storyboard */; };
		A2CC613F2721121F001A4ECC /* FirstDetailViewController.swift in Sources */ = {isa = PBXBuildFile; fileRef = A2CC613D2721121F001A4ECC /* FirstDetailViewController.swift */; };
		A2CC61402721121F001A4ECC /* FirstDetailViewController.xib in Resources */ = {isa = PBXBuildFile; fileRef = A2CC613E2721121F001A4ECC /* FirstDetailViewController.xib */; };
		A2CC614227212151001A4ECC /* CategoryViewController.swift in Sources */ = {isa = PBXBuildFile; fileRef = A2CC614127212151001A4ECC /* CategoryViewController.swift */; };
		A2CC614427213A55001A4ECC /* CategoryViewCell.swift in Sources */ = {isa = PBXBuildFile; fileRef = A2CC614327213A55001A4ECC /* CategoryViewCell.swift */; };
		A2CC614627213E37001A4ECC /* ShareViewController.swift in Sources */ = {isa = PBXBuildFile; fileRef = A2CC614527213E37001A4ECC /* ShareViewController.swift */; };
		A2CC614927213E75001A4ECC /* ShareViewCell.swift in Sources */ = {isa = PBXBuildFile; fileRef = A2CC614727213E74001A4ECC /* ShareViewCell.swift */; };
		A2CC614D27214A84001A4ECC /* UIImage+Extension.swift in Sources */ = {isa = PBXBuildFile; fileRef = A2CC614C27214A84001A4ECC /* UIImage+Extension.swift */; };
		A2CC614F27214B1D001A4ECC /* UIDevice+Extension.swift in Sources */ = {isa = PBXBuildFile; fileRef = A2CC614E27214B1D001A4ECC /* UIDevice+Extension.swift */; };
		A2CC615327214FA1001A4ECC /* NavigationViewController.swift in Sources */ = {isa = PBXBuildFile; fileRef = A2CC615227214FA1001A4ECC /* NavigationViewController.swift */; };
/* End PBXBuildFile section */

/* Begin PBXFileReference section */
		6D55EB996F083ACB47DC08C1 /* Pods-YZRTLAppDemo.debug.xcconfig */ = {isa = PBXFileReference; includeInIndex = 1; lastKnownFileType = text.xcconfig; name = "Pods-YZRTLAppDemo.debug.xcconfig"; path = "Target Support Files/Pods-YZRTLAppDemo/Pods-YZRTLAppDemo.debug.xcconfig"; sourceTree = "<group>"; };
		A2CC612627210716001A4ECC /* YZRTLAppDemo.app */ = {isa = PBXFileReference; explicitFileType = wrapper.application; includeInIndex = 0; path = YZRTLAppDemo.app; sourceTree = BUILT_PRODUCTS_DIR; };
		A2CC612927210716001A4ECC /* AppDelegate.swift */ = {isa = PBXFileReference; lastKnownFileType = sourcecode.swift; path = AppDelegate.swift; sourceTree = "<group>"; };
		A2CC612D27210716001A4ECC /* ViewController.swift */ = {isa = PBXFileReference; lastKnownFileType = sourcecode.swift; path = ViewController.swift; sourceTree = "<group>"; };
		A2CC613027210716001A4ECC /* Base */ = {isa = PBXFileReference; lastKnownFileType = file.storyboard; name = Base; path = Base.lproj/Main.storyboard; sourceTree = "<group>"; };
		A2CC61322721071C001A4ECC /* Assets.xcassets */ = {isa = PBXFileReference; lastKnownFileType = folder.assetcatalog; path = Assets.xcassets; sourceTree = "<group>"; };
		A2CC61352721071C001A4ECC /* Base */ = {isa = PBXFileReference; lastKnownFileType = file.storyboard; name = Base; path = Base.lproj/LaunchScreen.storyboard; sourceTree = "<group>"; };
		A2CC61372721071C001A4ECC /* Info.plist */ = {isa = PBXFileReference; lastKnownFileType = text.plist.xml; path = Info.plist; sourceTree = "<group>"; };
		A2CC613D2721121F001A4ECC /* FirstDetailViewController.swift */ = {isa = PBXFileReference; lastKnownFileType = sourcecode.swift; path = FirstDetailViewController.swift; sourceTree = "<group>"; };
		A2CC613E2721121F001A4ECC /* FirstDetailViewController.xib */ = {isa = PBXFileReference; lastKnownFileType = file.xib; path = FirstDetailViewController.xib; sourceTree = "<group>"; };
		A2CC614127212151001A4ECC /* CategoryViewController.swift */ = {isa = PBXFileReference; lastKnownFileType = sourcecode.swift; path = CategoryViewController.swift; sourceTree = "<group>"; };
		A2CC614327213A55001A4ECC /* CategoryViewCell.swift */ = {isa = PBXFileReference; lastKnownFileType = sourcecode.swift; path = CategoryViewCell.swift; sourceTree = "<group>"; };
		A2CC614527213E37001A4ECC /* ShareViewController.swift */ = {isa = PBXFileReference; lastKnownFileType = sourcecode.swift; path = ShareViewController.swift; sourceTree = "<group>"; };
		A2CC614727213E74001A4ECC /* ShareViewCell.swift */ = {isa = PBXFileReference; lastKnownFileType = sourcecode.swift; path = ShareViewCell.swift; sourceTree = "<group>"; };
		A2CC614C27214A84001A4ECC /* UIImage+Extension.swift */ = {isa = PBXFileReference; lastKnownFileType = sourcecode.swift; path = "UIImage+Extension.swift"; sourceTree = "<group>"; };
		A2CC614E27214B1D001A4ECC /* UIDevice+Extension.swift */ = {isa = PBXFileReference; lastKnownFileType = sourcecode.swift; path = "UIDevice+Extension.swift"; sourceTree = "<group>"; };
		A2CC615227214FA1001A4ECC /* NavigationViewController.swift */ = {isa = PBXFileReference; lastKnownFileType = sourcecode.swift; path = NavigationViewController.swift; sourceTree = "<group>"; };
		A91E113EFE9218E7A5EF65EB /* Pods_YZRTLAppDemo.framework */ = {isa = PBXFileReference; explicitFileType = wrapper.framework; includeInIndex = 0; path = Pods_YZRTLAppDemo.framework; sourceTree = BUILT_PRODUCTS_DIR; };
		E5DDCF82501F86142BC8F99B /* Pods-YZRTLAppDemo.release.xcconfig */ = {isa = PBXFileReference; includeInIndex = 1; lastKnownFileType = text.xcconfig; name = "Pods-YZRTLAppDemo.release.xcconfig"; path = "Target Support Files/Pods-YZRTLAppDemo/Pods-YZRTLAppDemo.release.xcconfig"; sourceTree = "<group>"; };
/* End PBXFileReference section */

/* Begin PBXFrameworksBuildPhase section */
		A2CC612327210716001A4ECC /* Frameworks */ = {
			isa = PBXFrameworksBuildPhase;
			buildActionMask = 2147483647;
			files = (
				426367C587832DD93E82912C /* Pods_YZRTLAppDemo.framework in Frameworks */,
			);
			runOnlyForDeploymentPostprocessing = 0;
		};
/* End PBXFrameworksBuildPhase section */

/* Begin PBXGroup section */
		6D43519F544B700CF6E83E20 /* Frameworks */ = {
			isa = PBXGroup;
			children = (
				A91E113EFE9218E7A5EF65EB /* Pods_YZRTLAppDemo.framework */,
			);
			name = Frameworks;
			sourceTree = "<group>";
		};
		A2CC611D27210716001A4ECC = {
			isa = PBXGroup;
			children = (
				A2CC612827210716001A4ECC /* YZRTLAppDemo */,
				A2CC612727210716001A4ECC /* Products */,
				A865E26B88D9843F2A36B697 /* Pods */,
				6D43519F544B700CF6E83E20 /* Frameworks */,
			);
			sourceTree = "<group>";
		};
		A2CC612727210716001A4ECC /* Products */ = {
			isa = PBXGroup;
			children = (
				A2CC612627210716001A4ECC /* YZRTLAppDemo.app */,
			);
			name = Products;
			sourceTree = "<group>";
		};
		A2CC612827210716001A4ECC /* YZRTLAppDemo */ = {
			isa = PBXGroup;
			children = (
				A2CC612927210716001A4ECC /* AppDelegate.swift */,
				A2CC612D27210716001A4ECC /* ViewController.swift */,
				A2CC614127212151001A4ECC /* CategoryViewController.swift */,
				A2CC614327213A55001A4ECC /* CategoryViewCell.swift */,
				A2CC614527213E37001A4ECC /* ShareViewController.swift */,
				A2CC614727213E74001A4ECC /* ShareViewCell.swift */,
				A2CC613D2721121F001A4ECC /* FirstDetailViewController.swift */,
				A2CC613E2721121F001A4ECC /* FirstDetailViewController.xib */,
				A2CC614E27214B1D001A4ECC /* UIDevice+Extension.swift */,
				A2CC614C27214A84001A4ECC /* UIImage+Extension.swift */,
				A2CC615227214FA1001A4ECC /* NavigationViewController.swift */,
				A2CC612F27210716001A4ECC /* Main.storyboard */,
				A2CC61322721071C001A4ECC /* Assets.xcassets */,
				A2CC61342721071C001A4ECC /* LaunchScreen.storyboard */,
				A2CC61372721071C001A4ECC /* Info.plist */,
			);
			path = YZRTLAppDemo;
			sourceTree = "<group>";
		};
		A865E26B88D9843F2A36B697 /* Pods */ = {
			isa = PBXGroup;
			children = (
				6D55EB996F083ACB47DC08C1 /* Pods-YZRTLAppDemo.debug.xcconfig */,
				E5DDCF82501F86142BC8F99B /* Pods-YZRTLAppDemo.release.xcconfig */,
			);
			name = Pods;
			path = Pods;
			sourceTree = "<group>";
		};
/* End PBXGroup section */

/* Begin PBXNativeTarget section */
		A2CC612527210716001A4ECC /* YZRTLAppDemo */ = {
			isa = PBXNativeTarget;
			buildConfigurationList = A2CC613A2721071C001A4ECC /* Build configuration list for PBXNativeTarget "YZRTLAppDemo" */;
			buildPhases = (
				5E57073730FEDC2F55266284 /* [CP] Check Pods Manifest.lock */,
				A2CC612227210716001A4ECC /* Sources */,
				A2CC612327210716001A4ECC /* Frameworks */,
				A2CC612427210716001A4ECC /* Resources */,
				984F5E1DFF7ABC0CAC9F87A8 /* [CP] Embed Pods Frameworks */,
			);
			buildRules = (
			);
			dependencies = (
			);
			name = YZRTLAppDemo;
			productName = YZRTLAppDemo;
			productReference = A2CC612627210716001A4ECC /* YZRTLAppDemo.app */;
			productType = "com.apple.product-type.application";
		};
/* End PBXNativeTarget section */

/* Begin PBXProject section */
		A2CC611E27210716001A4ECC /* Project object */ = {
			isa = PBXProject;
			attributes = {
				BuildIndependentTargetsInParallel = 1;
				LastSwiftUpdateCheck = 1300;
				LastUpgradeCheck = 1300;
				TargetAttributes = {
					A2CC612527210716001A4ECC = {
						CreatedOnToolsVersion = 13.0;
					};
				};
			};
			buildConfigurationList = A2CC612127210716001A4ECC /* Build configuration list for PBXProject "YZRTLAppDemo" */;
			compatibilityVersion = "Xcode 13.0";
			developmentRegion = en;
			hasScannedForEncodings = 0;
			knownRegions = (
				en,
				Base,
			);
			mainGroup = A2CC611D27210716001A4ECC;
			productRefGroup = A2CC612727210716001A4ECC /* Products */;
			projectDirPath = "";
			projectRoot = "";
			targets = (
				A2CC612527210716001A4ECC /* YZRTLAppDemo */,
			);
		};
/* End PBXProject section */

/* Begin PBXResourcesBuildPhase section */
		A2CC612427210716001A4ECC /* Resources */ = {
			isa = PBXResourcesBuildPhase;
			buildActionMask = 2147483647;
			files = (
				A2CC61402721121F001A4ECC /* FirstDetailViewController.xib in Resources */,
				A2CC61362721071C001A4ECC /* LaunchScreen.storyboard in Resources */,
				A2CC61332721071C001A4ECC /* Assets.xcassets in Resources */,
				A2CC613127210716001A4ECC /* Main.storyboard in Resources */,
			);
			runOnlyForDeploymentPostprocessing = 0;
		};
/* End PBXResourcesBuildPhase section */

/* Begin PBXShellScriptBuildPhase section */
		5E57073730FEDC2F55266284 /* [CP] Check Pods Manifest.lock */ = {
			isa = PBXShellScriptBuildPhase;
			buildActionMask = 2147483647;
			files = (
			);
			inputFileListPaths = (
			);
			inputPaths = (
				"${PODS_PODFILE_DIR_PATH}/Podfile.lock",
				"${PODS_ROOT}/Manifest.lock",
			);
			name = "[CP] Check Pods Manifest.lock";
			outputFileListPaths = (
			);
			outputPaths = (
				"$(DERIVED_FILE_DIR)/Pods-YZRTLAppDemo-checkManifestLockResult.txt",
			);
			runOnlyForDeploymentPostprocessing = 0;
			shellPath = /bin/sh;
			shellScript = "diff \"${PODS_PODFILE_DIR_PATH}/Podfile.lock\" \"${PODS_ROOT}/Manifest.lock\" > /dev/null\nif [ $? != 0 ] ; then\n    # print error to STDERR\n    echo \"error: The sandbox is not in sync with the Podfile.lock. Run 'pod install' or update your CocoaPods installation.\" >&2\n    exit 1\nfi\n# This output is used by Xcode 'outputs' to avoid re-running this script phase.\necho \"SUCCESS\" > \"${SCRIPT_OUTPUT_FILE_0}\"\n";
			showEnvVarsInLog = 0;
		};
		984F5E1DFF7ABC0CAC9F87A8 /* [CP] Embed Pods Frameworks */ = {
			isa = PBXShellScriptBuildPhase;
			buildActionMask = 2147483647;
			files = (
			);
			inputFileListPaths = (
				"${PODS_ROOT}/Target Support Files/Pods-YZRTLAppDemo/Pods-YZRTLAppDemo-frameworks-${CONFIGURATION}-input-files.xcfilelist",
			);
			name = "[CP] Embed Pods Frameworks";
			outputFileListPaths = (
				"${PODS_ROOT}/Target Support Files/Pods-YZRTLAppDemo/Pods-YZRTLAppDemo-frameworks-${CONFIGURATION}-output-files.xcfilelist",
			);
			runOnlyForDeploymentPostprocessing = 0;
			shellPath = /bin/sh;
			shellScript = "\"${PODS_ROOT}/Target Support Files/Pods-YZRTLAppDemo/Pods-YZRTLAppDemo-frameworks.sh\"\n";
			showEnvVarsInLog = 0;
		};
/* End PBXShellScriptBuildPhase section */

/* Begin PBXSourcesBuildPhase section */
		A2CC612227210716001A4ECC /* Sources */ = {
			isa = PBXSourcesBuildPhase;
			buildActionMask = 2147483647;
			files = (
				A2CC614627213E37001A4ECC /* ShareViewController.swift in Sources */,
				A2CC614227212151001A4ECC /* CategoryViewController.swift in Sources */,
				A2CC612E27210716001A4ECC /* ViewController.swift in Sources */,
				A2CC614D27214A84001A4ECC /* UIImage+Extension.swift in Sources */,
				A2CC614F27214B1D001A4ECC /* UIDevice+Extension.swift in Sources */,
				A2CC612A27210716001A4ECC /* AppDelegate.swift in Sources */,
				A2CC613F2721121F001A4ECC /* FirstDetailViewController.swift in Sources */,
				A2CC614927213E75001A4ECC /* ShareViewCell.swift in Sources */,
				A2CC615327214FA1001A4ECC /* NavigationViewController.swift in Sources */,
				A2CC614427213A55001A4ECC /* CategoryViewCell.swift in Sources */,
			);
			runOnlyForDeploymentPostprocessing = 0;
		};
/* End PBXSourcesBuildPhase section */

/* Begin PBXVariantGroup section */
		A2CC612F27210716001A4ECC /* Main.storyboard */ = {
			isa = PBXVariantGroup;
			children = (
				A2CC613027210716001A4ECC /* Base */,
			);
			name = Main.storyboard;
			sourceTree = "<group>";
		};
		A2CC61342721071C001A4ECC /* LaunchScreen.storyboard */ = {
			isa = PBXVariantGroup;
			children = (
				A2CC61352721071C001A4ECC /* Base */,
			);
			name = LaunchScreen.storyboard;
			sourceTree = "<group>";
		};
/* End PBXVariantGroup section */

/* Begin XCBuildConfiguration section */
		A2CC61382721071C001A4ECC /* Debug */ = {
			isa = XCBuildConfiguration;
			buildSettings = {
				ALWAYS_SEARCH_USER_PATHS = NO;
				CLANG_ANALYZER_NONNULL = YES;
				CLANG_ANALYZER_NUMBER_OBJECT_CONVERSION = YES_AGGRESSIVE;
				CLANG_CXX_LANGUAGE_STANDARD = "gnu++17";
				CLANG_CXX_LIBRARY = "libc++";
				CLANG_ENABLE_MODULES = YES;
				CLANG_ENABLE_OBJC_ARC = YES;
				CLANG_ENABLE_OBJC_WEAK = YES;
				CLANG_WARN_BLOCK_CAPTURE_AUTORELEASING = YES;
				CLANG_WARN_BOOL_CONVERSION = YES;
				CLANG_WARN_COMMA = YES;
				CLANG_WARN_CONSTANT_CONVERSION = YES;
				CLANG_WARN_DEPRECATED_OBJC_IMPLEMENTATIONS = YES;
				CLANG_WARN_DIRECT_OBJC_ISA_USAGE = YES_ERROR;
				CLANG_WARN_DOCUMENTATION_COMMENTS = YES;
				CLANG_WARN_EMPTY_BODY = YES;
				CLANG_WARN_ENUM_CONVERSION = YES;
				CLANG_WARN_INFINITE_RECURSION = YES;
				CLANG_WARN_INT_CONVERSION = YES;
				CLANG_WARN_NON_LITERAL_NULL_CONVERSION = YES;
				CLANG_WARN_OBJC_IMPLICIT_RETAIN_SELF = YES;
				CLANG_WARN_OBJC_LITERAL_CONVERSION = YES;
				CLANG_WARN_OBJC_ROOT_CLASS = YES_ERROR;
				CLANG_WARN_QUOTED_INCLUDE_IN_FRAMEWORK_HEADER = YES;
				CLANG_WARN_RANGE_LOOP_ANALYSIS = YES;
				CLANG_WARN_STRICT_PROTOTYPES = YES;
				CLANG_WARN_SUSPICIOUS_MOVE = YES;
				CLANG_WARN_UNGUARDED_AVAILABILITY = YES_AGGRESSIVE;
				CLANG_WARN_UNREACHABLE_CODE = YES;
				CLANG_WARN__DUPLICATE_METHOD_MATCH = YES;
				COPY_PHASE_STRIP = NO;
				DEBUG_INFORMATION_FORMAT = dwarf;
				ENABLE_STRICT_OBJC_MSGSEND = YES;
				ENABLE_TESTABILITY = YES;
				GCC_C_LANGUAGE_STANDARD = gnu11;
				GCC_DYNAMIC_NO_PIC = NO;
				GCC_NO_COMMON_BLOCKS = YES;
				GCC_OPTIMIZATION_LEVEL = 0;
				GCC_PREPROCESSOR_DEFINITIONS = (
					"DEBUG=1",
					"$(inherited)",
				);
				GCC_WARN_64_TO_32_BIT_CONVERSION = YES;
				GCC_WARN_ABOUT_RETURN_TYPE = YES_ERROR;
				GCC_WARN_UNDECLARED_SELECTOR = YES;
				GCC_WARN_UNINITIALIZED_AUTOS = YES_AGGRESSIVE;
				GCC_WARN_UNUSED_FUNCTION = YES;
				GCC_WARN_UNUSED_VARIABLE = YES;
				IPHONEOS_DEPLOYMENT_TARGET = 15.0;
				MTL_ENABLE_DEBUG_INFO = INCLUDE_SOURCE;
				MTL_FAST_MATH = YES;
				ONLY_ACTIVE_ARCH = YES;
				SDKROOT = iphoneos;
				SWIFT_ACTIVE_COMPILATION_CONDITIONS = DEBUG;
				SWIFT_OPTIMIZATION_LEVEL = "-Onone";
			};
			name = Debug;
		};
		A2CC61392721071C001A4ECC /* Release */ = {
			isa = XCBuildConfiguration;
			buildSettings = {
				ALWAYS_SEARCH_USER_PATHS = NO;
				CLANG_ANALYZER_NONNULL = YES;
				CLANG_ANALYZER_NUMBER_OBJECT_CONVERSION = YES_AGGRESSIVE;
				CLANG_CXX_LANGUAGE_STANDARD = "gnu++17";
				CLANG_CXX_LIBRARY = "libc++";
				CLANG_ENABLE_MODULES = YES;
				CLANG_ENABLE_OBJC_ARC = YES;
				CLANG_ENABLE_OBJC_WEAK = YES;
				CLANG_WARN_BLOCK_CAPTURE_AUTORELEASING = YES;
				CLANG_WARN_BOOL_CONVERSION = YES;
				CLANG_WARN_COMMA = YES;
				CLANG_WARN_CONSTANT_CONVERSION = YES;
				CLANG_WARN_DEPRECATED_OBJC_IMPLEMENTATIONS = YES;
				CLANG_WARN_DIRECT_OBJC_ISA_USAGE = YES_ERROR;
				CLANG_WARN_DOCUMENTATION_COMMENTS = YES;
				CLANG_WARN_EMPTY_BODY = YES;
				CLANG_WARN_ENUM_CONVERSION = YES;
				CLANG_WARN_INFINITE_RECURSION = YES;
				CLANG_WARN_INT_CONVERSION = YES;
				CLANG_WARN_NON_LITERAL_NULL_CONVERSION = YES;
				CLANG_WARN_OBJC_IMPLICIT_RETAIN_SELF = YES;
				CLANG_WARN_OBJC_LITERAL_CONVERSION = YES;
				CLANG_WARN_OBJC_ROOT_CLASS = YES_ERROR;
				CLANG_WARN_QUOTED_INCLUDE_IN_FRAMEWORK_HEADER = YES;
				CLANG_WARN_RANGE_LOOP_ANALYSIS = YES;
				CLANG_WARN_STRICT_PROTOTYPES = YES;
				CLANG_WARN_SUSPICIOUS_MOVE = YES;
				CLANG_WARN_UNGUARDED_AVAILABILITY = YES_AGGRESSIVE;
				CLANG_WARN_UNREACHABLE_CODE = YES;
				CLANG_WARN__DUPLICATE_METHOD_MATCH = YES;
				COPY_PHASE_STRIP = NO;
				DEBUG_INFORMATION_FORMAT = "dwarf-with-dsym";
				ENABLE_NS_ASSERTIONS = NO;
				ENABLE_STRICT_OBJC_MSGSEND = YES;
				GCC_C_LANGUAGE_STANDARD = gnu11;
				GCC_NO_COMMON_BLOCKS = YES;
				GCC_WARN_64_TO_32_BIT_CONVERSION = YES;
				GCC_WARN_ABOUT_RETURN_TYPE = YES_ERROR;
				GCC_WARN_UNDECLARED_SELECTOR = YES;
				GCC_WARN_UNINITIALIZED_AUTOS = YES_AGGRESSIVE;
				GCC_WARN_UNUSED_FUNCTION = YES;
				GCC_WARN_UNUSED_VARIABLE = YES;
				IPHONEOS_DEPLOYMENT_TARGET = 15.0;
				MTL_ENABLE_DEBUG_INFO = NO;
				MTL_FAST_MATH = YES;
				SDKROOT = iphoneos;
				SWIFT_COMPILATION_MODE = wholemodule;
				SWIFT_OPTIMIZATION_LEVEL = "-O";
				VALIDATE_PRODUCT = YES;
			};
			name = Release;
		};
		A2CC613B2721071C001A4ECC /* Debug */ = {
			isa = XCBuildConfiguration;
			baseConfigurationReference = 6D55EB996F083ACB47DC08C1 /* Pods-YZRTLAppDemo.debug.xcconfig */;
			buildSettings = {
				ASSETCATALOG_COMPILER_APPICON_NAME = AppIcon;
				ASSETCATALOG_COMPILER_GLOBAL_ACCENT_COLOR_NAME = AccentColor;
				CODE_SIGN_STYLE = Automatic;
				CURRENT_PROJECT_VERSION = 1;
				DEVELOPMENT_TEAM = 983HKNLZ6N;
				GENERATE_INFOPLIST_FILE = YES;
				INFOPLIST_FILE = YZRTLAppDemo/Info.plist;
				INFOPLIST_KEY_UIApplicationSupportsIndirectInputEvents = YES;
				INFOPLIST_KEY_UILaunchStoryboardName = LaunchScreen;
				INFOPLIST_KEY_UIMainStoryboardFile = Main;
				INFOPLIST_KEY_UISupportedInterfaceOrientations_iPad = "UIInterfaceOrientationPortrait UIInterfaceOrientationPortraitUpsideDown UIInterfaceOrientationLandscapeLeft UIInterfaceOrientationLandscapeRight";
				INFOPLIST_KEY_UISupportedInterfaceOrientations_iPhone = "UIInterfaceOrientationPortrait UIInterfaceOrientationLandscapeLeft UIInterfaceOrientationLandscapeRight";
				IPHONEOS_DEPLOYMENT_TARGET = 12.0;
				LD_RUNPATH_SEARCH_PATHS = (
					"$(inherited)",
					"@executable_path/Frameworks",
				);
				MARKETING_VERSION = 1.0;
				PRODUCT_BUNDLE_IDENTIFIER = com.lesterchen.YZRTLAppDemo;
				PRODUCT_NAME = "$(TARGET_NAME)";
				SWIFT_EMIT_LOC_STRINGS = YES;
				SWIFT_VERSION = 5.0;
				TARGETED_DEVICE_FAMILY = "1,2";
			};
			name = Debug;
		};
		A2CC613C2721071C001A4ECC /* Release */ = {
			isa = XCBuildConfiguration;
			baseConfigurationReference = E5DDCF82501F86142BC8F99B /* Pods-YZRTLAppDemo.release.xcconfig */;
			buildSettings = {
				ASSETCATALOG_COMPILER_APPICON_NAME = AppIcon;
				ASSETCATALOG_COMPILER_GLOBAL_ACCENT_COLOR_NAME = AccentColor;
				CODE_SIGN_STYLE = Automatic;
				CURRENT_PROJECT_VERSION = 1;
				DEVELOPMENT_TEAM = 983HKNLZ6N;
				GENERATE_INFOPLIST_FILE = YES;
				INFOPLIST_FILE = YZRTLAppDemo/Info.plist;
				INFOPLIST_KEY_UIApplicationSupportsIndirectInputEvents = YES;
				INFOPLIST_KEY_UILaunchStoryboardName = LaunchScreen;
				INFOPLIST_KEY_UIMainStoryboardFile = Main;
				INFOPLIST_KEY_UISupportedInterfaceOrientations_iPad = "UIInterfaceOrientationPortrait UIInterfaceOrientationPortraitUpsideDown UIInterfaceOrientationLandscapeLeft UIInterfaceOrientationLandscapeRight";
				INFOPLIST_KEY_UISupportedInterfaceOrientations_iPhone = "UIInterfaceOrientationPortrait UIInterfaceOrientationLandscapeLeft UIInterfaceOrientationLandscapeRight";
				IPHONEOS_DEPLOYMENT_TARGET = 12.0;
				LD_RUNPATH_SEARCH_PATHS = (
					"$(inherited)",
					"@executable_path/Frameworks",
				);
				MARKETING_VERSION = 1.0;
				PRODUCT_BUNDLE_IDENTIFIER = com.lesterchen.YZRTLAppDemo;
				PRODUCT_NAME = "$(TARGET_NAME)";
				SWIFT_EMIT_LOC_STRINGS = YES;
				SWIFT_VERSION = 5.0;
				TARGETED_DEVICE_FAMILY = "1,2";
			};
			name = Release;
		};
/* End XCBuildConfiguration section */

/* Begin XCConfigurationList section */
		A2CC612127210716001A4ECC /* Build configuration list for PBXProject "YZRTLAppDemo" */ = {
			isa = XCConfigurationList;
			buildConfigurations = (
				A2CC61382721071C001A4ECC /* Debug */,
				A2CC61392721071C001A4ECC /* Release */,
			);
			defaultConfigurationIsVisible = 0;
			defaultConfigurationName = Release;
		};
		A2CC613A2721071C001A4ECC /* Build configuration list for PBXNativeTarget "YZRTLAppDemo" */ = {
			isa = XCConfigurationList;
			buildConfigurations = (
				A2CC613B2721071C001A4ECC /* Debug */,
				A2CC613C2721071C001A4ECC /* Release */,
			);
			defaultConfigurationIsVisible = 0;
			defaultConfigurationName = Release;
		};
/* End XCConfigurationList section */
	};
	rootObject = A2CC611E27210716001A4ECC /* Project object */;
}
